{
  "name": "bluespess-client",
  "version": "0.3.0",
  "lockfileVersion": 1,
  "requires": true,
  "dependencies": {
    "color-parser": {
      "version": "0.1.0",
      "resolved": "https://registry.npmjs.org/color-parser/-/color-parser-0.1.0.tgz",
      "integrity": "sha1-jhfJPKAsx7TZmNmyDMawyOHOGco="
    }
  }
}
